// !$*UTF8*$!
{
	archiveVersion = 1;
	classes = {
	};
	objectVersion = 50;
	objects = {

/* Begin PBXBuildFile section */
		38797689237EB4980069B4F1 /* AppDelegate.swift in Sources */ = {isa = PBXBuildFile; fileRef = 38797688237EB4980069B4F1 /* AppDelegate.swift */; };
		3879768B237EB4980069B4F1 /* SceneDelegate.swift in Sources */ = {isa = PBXBuildFile; fileRef = 3879768A237EB4980069B4F1 /* SceneDelegate.swift */; };
		3879768D237EB4980069B4F1 /* ViewController.swift in Sources */ = {isa = PBXBuildFile; fileRef = 3879768C237EB4980069B4F1 /* ViewController.swift */; };
		38797690237EB4980069B4F1 /* Main.storyboard in Resources */ = {isa = PBXBuildFile; fileRef = 3879768E237EB4980069B4F1 /* Main.storyboard */; };
		38797692237EB4990069B4F1 /* Assets.xcassets in Resources */ = {isa = PBXBuildFile; fileRef = 38797691237EB4990069B4F1 /* Assets.xcassets */; };
		38797695237EB4990069B4F1 /* LaunchScreen.storyboard in Resources */ = {isa = PBXBuildFile; fileRef = 38797693237EB4990069B4F1 /* LaunchScreen.storyboard */; };
		387976A0237EB4990069B4F1 /* SwiptToDismissUITests.swift in Sources */ = {isa = PBXBuildFile; fileRef = 3879769F237EB4990069B4F1 /* SwiptToDismissUITests.swift */; };
/* End PBXBuildFile section */

/* Begin PBXContainerItemProxy section */
		3879769C237EB4990069B4F1 /* PBXContainerItemProxy */ = {
			isa = PBXContainerItemProxy;
			containerPortal = 3879767D237EB4980069B4F1 /* Project object */;
			proxyType = 1;
			remoteGlobalIDString = 38797684237EB4980069B4F1;
			remoteInfo = SwiptToDismiss;
		};
/* End PBXContainerItemProxy section */

/* Begin PBXFileReference section */
		38797685237EB4980069B4F1 /* SwiptToDismiss.app */ = {isa = PBXFileReference; explicitFileType = wrapper.application; includeInIndex = 0; path = SwiptToDismiss.app; sourceTree = BUILT_PRODUCTS_DIR; };
		38797688237EB4980069B4F1 /* AppDelegate.swift */ = {isa = PBXFileReference; lastKnownFileType = sourcecode.swift; path = AppDelegate.swift; sourceTree = "<group>"; };
		3879768A237EB4980069B4F1 /* SceneDelegate.swift */ = {isa = PBXFileReference; lastKnownFileType = sourcecode.swift; path = SceneDelegate.swift; sourceTree = "<group>"; };
		3879768C237EB4980069B4F1 /* ViewController.swift */ = {isa = PBXFileReference; lastKnownFileType = sourcecode.swift; path = ViewController.swift; sourceTree = "<group>"; };
		3879768F237EB4980069B4F1 /* Base */ = {isa = PBXFileReference; lastKnownFileType = file.storyboard; name = Base; path = Base.lproj/Main.storyboard; sourceTree = "<group>"; };
		38797691237EB4990069B4F1 /* Assets.xcassets */ = {isa = PBXFileReference; lastKnownFileType = folder.assetcatalog; path = Assets.xcassets; sourceTree = "<group>"; };
		38797694237EB4990069B4F1 /* Base */ = {isa = PBXFileReference; lastKnownFileType = file.storyboard; name = Base; path = Base.lproj/LaunchScreen.storyboard; sourceTree = "<group>"; };
		38797696237EB4990069B4F1 /* Info.plist */ = {isa = PBXFileReference; lastKnownFileType = text.plist.xml; path = Info.plist; sourceTree = "<group>"; };
		3879769B237EB4990069B4F1 /* SwiptToDismissUITests.xctest */ = {isa = PBXFileReference; explicitFileType = wrapper.cfbundle; includeInIndex = 0; path = SwiptToDismissUITests.xctest; sourceTree = BUILT_PRODUCTS_DIR; };
		3879769F237EB4990069B4F1 /* SwiptToDismissUITests.swift */ = {isa = PBXFileReference; lastKnownFileType = sourcecode.swift; path = SwiptToDismissUITests.swift; sourceTree = "<group>"; };
		387976A1237EB4990069B4F1 /* Info.plist */ = {isa = PBXFileReference; lastKnownFileType = text.plist.xml; path = Info.plist; sourceTree = "<group>"; };
/* End PBXFileReference section */

/* Begin PBXFrameworksBuildPhase section */
		38797682237EB4980069B4F1 /* Frameworks */ = {
			isa = PBXFrameworksBuildPhase;
			buildActionMask = 2147483647;
			files = (
			);
			runOnlyForDeploymentPostprocessing = 0;
		};
		38797698237EB4990069B4F1 /* Frameworks */ = {
			isa = PBXFrameworksBuildPhase;
			buildActionMask = 2147483647;
			files = (
			);
			runOnlyForDeploymentPostprocessing = 0;
		};
/* End PBXFrameworksBuildPhase section */

/* Begin PBXGroup section */
		3879767C237EB4980069B4F1 = {
			isa = PBXGroup;
			children = (
				38797687237EB4980069B4F1 /* SwiptToDismiss */,
				3879769E237EB4990069B4F1 /* SwiptToDismissUITests */,
				38797686237EB4980069B4F1 /* Products */,
			);
			sourceTree = "<group>";
		};
		38797686237EB4980069B4F1 /* Products */ = {
			isa = PBXGroup;
			children = (
				38797685237EB4980069B4F1 /* SwiptToDismiss.app */,
				3879769B237EB4990069B4F1 /* SwiptToDismissUITests.xctest */,
			);
			name = Products;
			sourceTree = "<group>";
		};
		38797687237EB4980069B4F1 /* SwiptToDismiss */ = {
			isa = PBXGroup;
			children = (
				38797688237EB4980069B4F1 /* AppDelegate.swift */,
				3879768A237EB4980069B4F1 /* SceneDelegate.swift */,
				3879768C237EB4980069B4F1 /* ViewController.swift */,
				3879768E237EB4980069B4F1 /* Main.storyboard */,
				38797691237EB4990069B4F1 /* Assets.xcassets */,
				38797693237EB4990069B4F1 /* LaunchScreen.storyboard */,
				38797696237EB4990069B4F1 /* Info.plist */,
			);
			path = SwiptToDismiss;
			sourceTree = "<group>";
		};
		3879769E237EB4990069B4F1 /* SwiptToDismissUITests */ = {
			isa = PBXGroup;
			children = (
				3879769F237EB4990069B4F1 /* SwiptToDismissUITests.swift */,
				387976A1237EB4990069B4F1 /* Info.plist */,
			);
			path = SwiptToDismissUITests;
			sourceTree = "<group>";
		};
/* End PBXGroup section */

/* Begin PBXNativeTarget section */
		38797684237EB4980069B4F1 /* SwiptToDismiss */ = {
			isa = PBXNativeTarget;
			buildConfigurationList = 387976A4237EB4990069B4F1 /* Build configuration list for PBXNativeTarget "SwiptToDismiss" */;
			buildPhases = (
				38797681237EB4980069B4F1 /* Sources */,
				38797682237EB4980069B4F1 /* Frameworks */,
				38797683237EB4980069B4F1 /* Resources */,
			);
			buildRules = (
			);
			dependencies = (
			);
			name = SwiptToDismiss;
			productName = SwiptToDismiss;
			productReference = 38797685237EB4980069B4F1 /* SwiptToDismiss.app */;
			productType = "com.apple.product-type.application";
		};
		3879769A237EB4990069B4F1 /* SwiptToDismissUITests */ = {
			isa = PBXNativeTarget;
			buildConfigurationList = 387976A7237EB4990069B4F1 /* Build configuration list for PBXNativeTarget "SwiptToDismissUITests" */;
			buildPhases = (
				38797697237EB4990069B4F1 /* Sources */,
				38797698237EB4990069B4F1 /* Frameworks */,
				38797699237EB4990069B4F1 /* Resources */,
			);
			buildRules = (
			);
			dependencies = (
				3879769D237EB4990069B4F1 /* PBXTargetDependency */,
			);
			name = SwiptToDismissUITests;
			productName = SwiptToDismissUITests;
			productReference = 3879769B237EB4990069B4F1 /* SwiptToDismissUITests.xctest */;
			productType = "com.apple.product-type.bundle.ui-testing";
		};
/* End PBXNativeTarget section */

/* Begin PBXProject section */
		3879767D237EB4980069B4F1 /* Project object */ = {
			isa = PBXProject;
			attributes = {
				LastSwiftUpdateCheck = 1120;
				LastUpgradeCheck = 1120;
				ORGANIZATIONNAME = "Lance Samaria";
				TargetAttributes = {
					38797684237EB4980069B4F1 = {
						CreatedOnToolsVersion = 11.2.1;
					};
					3879769A237EB4990069B4F1 = {
						CreatedOnToolsVersion = 11.2.1;
						TestTargetID = 38797684237EB4980069B4F1;
					};
				};
			};
			buildConfigurationList = 38797680237EB4980069B4F1 /* Build configuration list for PBXProject "SwiptToDismiss" */;
			compatibilityVersion = "Xcode 9.3";
			developmentRegion = en;
			hasScannedForEncodings = 0;
			knownRegions = (
				en,
				Base,
			);
			mainGroup = 3879767C237EB4980069B4F1;
			productRefGroup = 38797686237EB4980069B4F1 /* Products */;
			projectDirPath = "";
			projectRoot = "";
			targets = (
				38797684237EB4980069B4F1 /* SwiptToDismiss */,
				3879769A237EB4990069B4F1 /* SwiptToDismissUITests */,
			);
		};
/* End PBXProject section */

/* Begin PBXResourcesBuildPhase section */
		38797683237EB4980069B4F1 /* Resources */ = {
			isa = PBXResourcesBuildPhase;
			buildActionMask = 2147483647;
			files = (
				38797695237EB4990069B4F1 /* LaunchScreen.storyboard in Resources */,
				38797692237EB4990069B4F1 /* Assets.xcassets in Resources */,
				38797690237EB4980069B4F1 /* Main.storyboard in Resources */,
			);
			runOnlyForDeploymentPostprocessing = 0;
		};
		38797699237EB4990069B4F1 /* Resources */ = {
			isa = PBXResourcesBuildPhase;
			buildActionMask = 2147483647;
			files = (
			);
			runOnlyForDeploymentPostprocessing = 0;
		};
/* End PBXResourcesBuildPhase section */

/* Begin PBXSourcesBuildPhase section */
		38797681237EB4980069B4F1 /* Sources */ = {
			isa = PBXSourcesBuildPhase;
			buildActionMask = 2147483647;
			files = (
				3879768D237EB4980069B4F1 /* ViewController.swift in Sources */,
				38797689237EB4980069B4F1 /* AppDelegate.swift in Sources */,
				3879768B237EB4980069B4F1 /* SceneDelegate.swift in Sources */,
			);
			runOnlyForDeploymentPostprocessing = 0;
		};
		38797697237EB4990069B4F1 /* Sources */ = {
			isa = PBXSourcesBuildPhase;
			buildActionMask = 2147483647;
			files = (
				387976A0237EB4990069B4F1 /* SwiptToDismissUITests.swift in Sources */,
			);
			runOnlyForDeploymentPostprocessing = 0;
		};
/* End PBXSourcesBuildPhase section */

/* Begin PBXTargetDependency section */
		3879769D237EB4990069B4F1 /* PBXTargetDependency */ = {
			isa = PBXTargetDependency;
			target = 38797684237EB4980069B4F1 /* SwiptToDismiss */;
			targetProxy = 3879769C237EB4990069B4F1 /* PBXContainerItemProxy */;
		};
/* End PBXTargetDependency section */

/* Begin PBXVariantGroup section */
		3879768E237EB4980069B4F1 /* Main.storyboard */ = {
			isa = PBXVariantGroup;
			children = (
				3879768F237EB4980069B4F1 /* Base */,
			);
			name = Main.storyboard;
			sourceTree = "<group>";
		};
		38797693237EB4990069B4F1 /* LaunchScreen.storyboard */ = {
			isa = PBXVariantGroup;
			children = (
				38797694237EB4990069B4F1 /* Base */,
			);
			name = LaunchScreen.storyboard;
			sourceTree = "<group>";
		};
/* End PBXVariantGroup section */

/* Begin XCBuildConfiguration section */
		387976A2237EB4990069B4F1 /* Debug */ = {
			isa = XCBuildConfiguration;
			buildSettings = {
				ALWAYS_SEARCH_USER_PATHS = NO;
				CLANG_ANALYZER_NONNULL = YES;
				CLANG_ANALYZER_NUMBER_OBJECT_CONVERSION = YES_AGGRESSIVE;
				CLANG_CXX_LANGUAGE_STANDARD = "gnu++14";
				CLANG_CXX_LIBRARY = "libc++";
				CLANG_ENABLE_MODULES = YES;
				CLANG_ENABLE_OBJC_ARC = YES;
				CLANG_ENABLE_OBJC_WEAK = YES;
				CLANG_WARN_BLOCK_CAPTURE_AUTORELEASING = YES;
				CLANG_WARN_BOOL_CONVERSION = YES;
				CLANG_WARN_COMMA = YES;
				CLANG_WARN_CONSTANT_CONVERSION = YES;
				CLANG_WARN_DEPRECATED_OBJC_IMPLEMENTATIONS = YES;
				CLANG_WARN_DIRECT_OBJC_ISA_USAGE = YES_ERROR;
				CLANG_WARN_DOCUMENTATION_COMMENTS = YES;
				CLANG_WARN_EMPTY_BODY = YES;
				CLANG_WARN_ENUM_CONVERSION = YES;
				CLANG_WARN_INFINITE_RECURSION = YES;
				CLANG_WARN_INT_CONVERSION = YES;
				CLANG_WARN_NON_LITERAL_NULL_CONVERSION = YES;
				CLANG_WARN_OBJC_IMPLICIT_RETAIN_SELF = YES;
				CLANG_WARN_OBJC_LITERAL_CONVERSION = YES;
				CLANG_WARN_OBJC_ROOT_CLASS = YES_ERROR;
				CLANG_WARN_RANGE_LOOP_ANALYSIS = YES;
				CLANG_WARN_STRICT_PROTOTYPES = YES;
				CLANG_WARN_SUSPICIOUS_MOVE = YES;
				CLANG_WARN_UNGUARDED_AVAILABILITY = YES_AGGRESSIVE;
				CLANG_WARN_UNREACHABLE_CODE = YES;
				CLANG_WARN__DUPLICATE_METHOD_MATCH = YES;
				COPY_PHASE_STRIP = NO;
				DEBUG_INFORMATION_FORMAT = dwarf;
				ENABLE_STRICT_OBJC_MSGSEND = YES;
				ENABLE_TESTABILITY = YES;
				GCC_C_LANGUAGE_STANDARD = gnu11;
				GCC_DYNAMIC_NO_PIC = NO;
				GCC_NO_COMMON_BLOCKS = YES;
				GCC_OPTIMIZATION_LEVEL = 0;
				GCC_PREPROCESSOR_DEFINITIONS = (
					"DEBUG=1",
					"$(inherited)",
				);
				GCC_WARN_64_TO_32_BIT_CONVERSION = YES;
				GCC_WARN_ABOUT_RETURN_TYPE = YES_ERROR;
				GCC_WARN_UNDECLARED_SELECTOR = YES;
				GCC_WARN_UNINITIALIZED_AUTOS = YES_AGGRESSIVE;
				GCC_WARN_UNUSED_FUNCTION = YES;
				GCC_WARN_UNUSED_VARIABLE = YES;
				IPHONEOS_DEPLOYMENT_TARGET = 13.2;
				MTL_ENABLE_DEBUG_INFO = INCLUDE_SOURCE;
				MTL_FAST_MATH = YES;
				ONLY_ACTIVE_ARCH = YES;
				SDKROOT = iphoneos;
				SWIFT_ACTIVE_COMPILATION_CONDITIONS = DEBUG;
				SWIFT_OPTIMIZATION_LEVEL = "-Onone";
			};
			name = Debug;
		};
		387976A3237EB4990069B4F1 /* Release */ = {
			isa = XCBuildConfiguration;
			buildSettings = {
				ALWAYS_SEARCH_USER_PATHS = NO;
				CLANG_ANALYZER_NONNULL = YES;
				CLANG_ANALYZER_NUMBER_OBJECT_CONVERSION = YES_AGGRESSIVE;
				CLANG_CXX_LANGUAGE_STANDARD = "gnu++14";
				CLANG_CXX_LIBRARY = "libc++";
				CLANG_ENABLE_MODULES = YES;
				CLANG_ENABLE_OBJC_ARC = YES;
				CLANG_ENABLE_OBJC_WEAK = YES;
				CLANG_WARN_BLOCK_CAPTURE_AUTORELEASING = YES;
				CLANG_WARN_BOOL_CONVERSION = YES;
				CLANG_WARN_COMMA = YES;
				CLANG_WARN_CONSTANT_CONVERSION = YES;
				CLANG_WARN_DEPRECATED_OBJC_IMPLEMENTATIONS = YES;
				CLANG_WARN_DIRECT_OBJC_ISA_USAGE = YES_ERROR;
				CLANG_WARN_DOCUMENTATION_COMMENTS = YES;
				CLANG_WARN_EMPTY_BODY = YES;
				CLANG_WARN_ENUM_CONVERSION = YES;
				CLANG_WARN_INFINITE_RECURSION = YES;
				CLANG_WARN_INT_CONVERSION = YES;
				CLANG_WARN_NON_LITERAL_NULL_CONVERSION = YES;
				CLANG_WARN_OBJC_IMPLICIT_RETAIN_SELF = YES;
				CLANG_WARN_OBJC_LITERAL_CONVERSION = YES;
				CLANG_WARN_OBJC_ROOT_CLASS = YES_ERROR;
				CLANG_WARN_RANGE_LOOP_ANALYSIS = YES;
				CLANG_WARN_STRICT_PROTOTYPES = YES;
				CLANG_WARN_SUSPICIOUS_MOVE = YES;
				CLANG_WARN_UNGUARDED_AVAILABILITY = YES_AGGRESSIVE;
				CLANG_WARN_UNREACHABLE_CODE = YES;
				CLANG_WARN__DUPLICATE_METHOD_MATCH = YES;
				COPY_PHASE_STRIP = NO;
				DEBUG_INFORMATION_FORMAT = "dwarf-with-dsym";
				ENABLE_NS_ASSERTIONS = NO;
				ENABLE_STRICT_OBJC_MSGSEND = YES;
				GCC_C_LANGUAGE_STANDARD = gnu11;
				GCC_NO_COMMON_BLOCKS = YES;
				GCC_WARN_64_TO_32_BIT_CONVERSION = YES;
				GCC_WARN_ABOUT_RETURN_TYPE = YES_ERROR;
				GCC_WARN_UNDECLARED_SELECTOR = YES;
				GCC_WARN_UNINITIALIZED_AUTOS = YES_AGGRESSIVE;
				GCC_WARN_UNUSED_FUNCTION = YES;
				GCC_WARN_UNUSED_VARIABLE = YES;
				IPHONEOS_DEPLOYMENT_TARGET = 13.2;
				MTL_ENABLE_DEBUG_INFO = NO;
				MTL_FAST_MATH = YES;
				SDKROOT = iphoneos;
				SWIFT_COMPILATION_MODE = wholemodule;
				SWIFT_OPTIMIZATION_LEVEL = "-O";
				VALIDATE_PRODUCT = YES;
			};
			name = Release;
		};
		387976A5237EB4990069B4F1 /* Debug */ = {
			isa = XCBuildConfiguration;
			buildSettings = {
				ASSETCATALOG_COMPILER_APPICON_NAME = AppIcon;
				CODE_SIGN_STYLE = Automatic;
				DEVELOPMENT_TEAM = L83RSC3K3B;
				INFOPLIST_FILE = SwiptToDismiss/Info.plist;
				LD_RUNPATH_SEARCH_PATHS = (
					"$(inherited)",
					"@executable_path/Frameworks",
				);
				PRODUCT_BUNDLE_IDENTIFIER = com.company.SwiptToDismiss;
				PRODUCT_NAME = "$(TARGET_NAME)";
				SWIFT_VERSION = 5.0;
				TARGETED_DEVICE_FAMILY = "1,2";
			};
			name = Debug;
		};
		387976A6237EB4990069B4F1 /* Release */ = {
			isa = XCBuildConfiguration;
			buildSettings = {
				ASSETCATALOG_COMPILER_APPICON_NAME = AppIcon;
				CODE_SIGN_STYLE = Automatic;
				DEVELOPMENT_TEAM = L83RSC3K3B;
				INFOPLIST_FILE = SwiptToDismiss/Info.plist;
				LD_RUNPATH_SEARCH_PATHS = (
					"$(inherited)",
					"@executable_path/Frameworks",
				);
				PRODUCT_BUNDLE_IDENTIFIER = com.company.SwiptToDismiss;
				PRODUCT_NAME = "$(TARGET_NAME)";
				SWIFT_VERSION = 5.0;
				TARGETED_DEVICE_FAMILY = "1,2";
			};
			name = Release;
		};
		387976A8237EB4990069B4F1 /* Debug */ = {
			isa = XCBuildConfiguration;
			buildSettings = {
				ALWAYS_EMBED_SWIFT_STANDARD_LIBRARIES = YES;
				CODE_SIGN_STYLE = Automatic;
				DEVELOPMENT_TEAM = L83RSC3K3B;
				INFOPLIST_FILE = SwiptToDismissUITests/Info.plist;
				LD_RUNPATH_SEARCH_PATHS = (
					"$(inherited)",
					"@executable_path/Frameworks",
					"@loader_path/Frameworks",
				);
				PRODUCT_BUNDLE_IDENTIFIER = com.company.SwiptToDismissUITests;
				PRODUCT_NAME = "$(TARGET_NAME)";
				SWIFT_VERSION = 5.0;
				TARGETED_DEVICE_FAMILY = "1,2";
				TEST_TARGET_NAME = SwiptToDismiss;
			};
			name = Debug;
		};
		387976A9237EB4990069B4F1 /* Release */ = {
			isa = XCBuildConfiguration;
			buildSettings = {
				ALWAYS_EMBED_SWIFT_STANDARD_LIBRARIES = YES;
				CODE_SIGN_STYLE = Automatic;
				DEVELOPMENT_TEAM = L83RSC3K3B;
				INFOPLIST_FILE = SwiptToDismissUITests/Info.plist;
				LD_RUNPATH_SEARCH_PATHS = (
					"$(inherited)",
					"@executable_path/Frameworks",
					"@loader_path/Frameworks",
				);
				PRODUCT_BUNDLE_IDENTIFIER = com.company.SwiptToDismissUITests;
				PRODUCT_NAME = "$(TARGET_NAME)";
				SWIFT_VERSION = 5.0;
				TARGETED_DEVICE_FAMILY = "1,2";
				TEST_TARGET_NAME = SwiptToDismiss;
			};
			name = Release;
		};
/* End XCBuildConfiguration section */

/* Begin XCConfigurationList section */
		38797680237EB4980069B4F1 /* Build configuration list for PBXProject "SwiptToDismiss" */ = {
			isa = XCConfigurationList;
			buildConfigurations = (
				387976A2237EB4990069B4F1 /* Debug */,
				387976A3237EB4990069B4F1 /* Release */,
			);
			defaultConfigurationIsVisible = 0;
			defaultConfigurationName = Release;
		};
		387976A4237EB4990069B4F1 /* Build configuration list for PBXNativeTarget "SwiptToDismiss" */ = {
			isa = XCConfigurationList;
			buildConfigurations = (
				387976A5237EB4990069B4F1 /* Debug */,
				387976A6237EB4990069B4F1 /* Release */,
			);
			defaultConfigurationIsVisible = 0;
			defaultConfigurationName = Release;
		};
		387976A7237EB4990069B4F1 /* Build configuration list for PBXNativeTarget "SwiptToDismissUITests" */ = {
			isa = XCConfigurationList;
			buildConfigurations = (
				387976A8237EB4990069B4F1 /* Debug */,
				387976A9237EB4990069B4F1 /* Release */,
			);
			defaultConfigurationIsVisible = 0;
			defaultConfigurationName = Release;
		};
/* End XCConfigurationList section */
	};
	rootObject = 3879767D237EB4980069B4F1 /* Project object */;
}
